
Microsoft Visual Studio Solution File, Format Version 12.00
# Visual Studio Version 16
VisualStudioVersion = 16.0.31005.135
MinimumVisualStudioVersion = 10.0.40219.1
Project("{9A19103F-16F7-4668-BE54-9A1E7A4F7556}") = "TeiEditor", "TeiEditor\TeiEditor.csproj", "{C66F0F38-A058-466C-B9A3-4428EDFB8E94}"
EndProject
Global
	GlobalSection(SolutionConfigurationPlatforms) = preSolution
		Debug|Any CPU = Debug|Any CPU
		Release|Any CPU = Release|Any CPU
	EndGlobalSection
	GlobalSection(ProjectConfigurationPlatforms) = postSolution
		{C66F0F38-A058-466C-B9A3-4428EDFB8E94}.Debug|Any CPU.ActiveCfg = Debug|Any CPU
		{C66F0F38-A058-466C-B9A3-4428EDFB8E94}.Debug|Any CPU.Build.0 = Debug|Any CPU
		{C66F0F38-A058-466C-B9A3-4428EDFB8E94}.Release|Any CPU.ActiveCfg = Release|Any CPU
		{C66F0F38-A058-466C-B9A3-4428EDFB8E94}.Release|Any CPU.Build.0 = Release|Any CPU
	EndGlobalSection
	GlobalSection(SolutionProperties) = preSolution
		HideSolutionNode = FALSE
	EndGlobalSection
	GlobalSection(ExtensibilityGlobals) = postSolution
		SolutionGuid = {82564CE9-4B74-44F4-84C3-198CF815222C}
		BuildVersion_StartDate = 2000/1/1
		BuildVersion_UpdateAssemblyVersion = True
		BuildVersion_BuildVersioningStyle = Increment.Increment.Increment.Increment
		BuildVersion_ConfigurationName = Debug
		BuildVersion_UpdateFileVersion = True
	EndGlobalSection
EndGlobal
